
Microsoft Visual Studio Solution File, Format Version 12.00
# Visual Studio Version 16
VisualStudioVersion = 16.0.33214.272
MinimumVisualStudioVersion = 10.0.40219.1
Project("{9A19103F-16F7-4668-BE54-9A1E7A4F7556}") = "MoneyMGTAPI", "MoneyMGTAPI\MoneyMGTAPI.csproj", "{BDAC8A18-E186-4DED-AC15-15977022D8C1}"
EndProject
Project("{FAE04EC0-301F-11D3-BF4B-00C04F79EFBC}") = "Services", "Services\Services.csproj", "{8CEA7F91-69BD-4866-82FB-2C88AEC000CF}"
EndProject
Project("{FAE04EC0-301F-11D3-BF4B-00C04F79EFBC}") = "DataLayer", "DataLayer\DataLayer.csproj", "{D84BEED8-5715-43C8-86F0-9267DA2189B8}"
EndProject
Global
	GlobalSection(SolutionConfigurationPlatforms) = preSolution
		Debug|Any CPU = Debug|Any CPU
		Release|Any CPU = Release|Any CPU
	EndGlobalSection
	GlobalSection(ProjectConfigurationPlatforms) = postSolution
		{BDAC8A18-E186-4DED-AC15-15977022D8C1}.Debug|Any CPU.ActiveCfg = Debug|Any CPU
		{BDAC8A18-E186-4DED-AC15-15977022D8C1}.Debug|Any CPU.Build.0 = Debug|Any CPU
		{BDAC8A18-E186-4DED-AC15-15977022D8C1}.Release|Any CPU.ActiveCfg = Release|Any CPU
		{BDAC8A18-E186-4DED-AC15-15977022D8C1}.Release|Any CPU.Build.0 = Release|Any CPU
		{8CEA7F91-69BD-4866-82FB-2C88AEC000CF}.Debug|Any CPU.ActiveCfg = Debug|Any CPU
		{8CEA7F91-69BD-4866-82FB-2C88AEC000CF}.Debug|Any CPU.Build.0 = Debug|Any CPU
		{8CEA7F91-69BD-4866-82FB-2C88AEC000CF}.Release|Any CPU.ActiveCfg = Release|Any CPU
		{8CEA7F91-69BD-4866-82FB-2C88AEC000CF}.Release|Any CPU.Build.0 = Release|Any CPU
		{D84BEED8-5715-43C8-86F0-9267DA2189B8}.Debug|Any CPU.ActiveCfg = Debug|Any CPU
		{D84BEED8-5715-43C8-86F0-9267DA2189B8}.Debug|Any CPU.Build.0 = Debug|Any CPU
		{D84BEED8-5715-43C8-86F0-9267DA2189B8}.Release|Any CPU.ActiveCfg = Release|Any CPU
		{D84BEED8-5715-43C8-86F0-9267DA2189B8}.Release|Any CPU.Build.0 = Release|Any CPU
	EndGlobalSection
	GlobalSection(SolutionProperties) = preSolution
		HideSolutionNode = FALSE
	EndGlobalSection
	GlobalSection(ExtensibilityGlobals) = postSolution
		SolutionGuid = {122F5CA0-35BF-460A-87A7-B9393B3B0034}
	EndGlobalSection
EndGlobal
